
Microsoft Visual Studio Solution File, Format Version 12.00
# Visual Studio Version 17
VisualStudioVersion = 17.3.32819.101
MinimumVisualStudioVersion = 10.0.40219.1
Project("{FAE04EC0-301F-11D3-BF4B-00C04F79EFBC}") = "AspNetHangfire", "AspNetHangfire.csproj", "{4F411175-2EAC-4274-A229-99A00C94C77E}"
EndProject
Global
	GlobalSection(SolutionConfigurationPlatforms) = preSolution
		Debug|Any CPU = Debug|Any CPU
		Release|Any CPU = Release|Any CPU
	EndGlobalSection
	GlobalSection(ProjectConfigurationPlatforms) = postSolution
		{4F411175-2EAC-4274-A229-99A00C94C77E}.Debug|Any CPU.ActiveCfg = Debug|Any CPU
		{4F411175-2EAC-4274-A229-99A00C94C77E}.Debug|Any CPU.Build.0 = Debug|Any CPU
		{4F411175-2EAC-4274-A229-99A00C94C77E}.Release|Any CPU.ActiveCfg = Release|Any CPU
		{4F411175-2EAC-4274-A229-99A00C94C77E}.Release|Any CPU.Build.0 = Release|Any CPU
	EndGlobalSection
	GlobalSection(SolutionProperties) = preSolution
		HideSolutionNode = FALSE
	EndGlobalSection
	GlobalSection(ExtensibilityGlobals) = postSolution
		SolutionGuid = {D7186B95-6421-4870-8D7B-BA0DF8EC7EA7}
	EndGlobalSection
EndGlobal
